
Microsoft Visual Studio Solution File, Format Version 12.00
# Visual Studio Version 17
VisualStudioVersion = 17.4.33213.308
MinimumVisualStudioVersion = 10.0.40219.1
Project("{FAE04EC0-301F-11D3-BF4B-00C04F79EFBC}") = "byteBank", "byteBank\byteBank.csproj", "{3E8240E3-EA02-4073-8BEB-DAEC2DCA8CDB}"
EndProject
Global
	GlobalSection(SolutionConfigurationPlatforms) = preSolution
		Debug|Any CPU = Debug|Any CPU
		Release|Any CPU = Release|Any CPU
	EndGlobalSection
	GlobalSection(ProjectConfigurationPlatforms) = postSolution
		{3E8240E3-EA02-4073-8BEB-DAEC2DCA8CDB}.Debug|Any CPU.ActiveCfg = Debug|Any CPU
		{3E8240E3-EA02-4073-8BEB-DAEC2DCA8CDB}.Debug|Any CPU.Build.0 = Debug|Any CPU
		{3E8240E3-EA02-4073-8BEB-DAEC2DCA8CDB}.Release|Any CPU.ActiveCfg = Release|Any CPU
		{3E8240E3-EA02-4073-8BEB-DAEC2DCA8CDB}.Release|Any CPU.Build.0 = Release|Any CPU
	EndGlobalSection
	GlobalSection(SolutionProperties) = preSolution
		HideSolutionNode = FALSE
	EndGlobalSection
	GlobalSection(ExtensibilityGlobals) = postSolution
		SolutionGuid = {74FAA5F5-11C0-4319-B640-2E850D29282C}
	EndGlobalSection
EndGlobal
